
Microsoft Visual Studio Solution File, Format Version 12.00
# Visual Studio 14
VisualStudioVersion = 14.0.23107.0
MinimumVisualStudioVersion = 10.0.40219.1
Project("{FAE04EC0-301F-11D3-BF4B-00C04F79EFBC}") = "AdministradorDeProyectos", "AdministradorDeProyectos\AdministradorDeProyectos.csproj", "{8B67F589-4467-47EF-B363-8BF4DC89D608}"
EndProject
Global
	GlobalSection(SolutionConfigurationPlatforms) = preSolution
		Debug|Any CPU = Debug|Any CPU
		Release|Any CPU = Release|Any CPU
	EndGlobalSection
	GlobalSection(ProjectConfigurationPlatforms) = postSolution
		{8B67F589-4467-47EF-B363-8BF4DC89D608}.Debug|Any CPU.ActiveCfg = Debug|Any CPU
		{8B67F589-4467-47EF-B363-8BF4DC89D608}.Debug|Any CPU.Build.0 = Debug|Any CPU
		{8B67F589-4467-47EF-B363-8BF4DC89D608}.Release|Any CPU.ActiveCfg = Release|Any CPU
		{8B67F589-4467-47EF-B363-8BF4DC89D608}.Release|Any CPU.Build.0 = Release|Any CPU
	EndGlobalSection
	GlobalSection(SolutionProperties) = preSolution
		HideSolutionNode = FALSE
	EndGlobalSection
EndGlobal
